
Microsoft Visual Studio Solution File, Format Version 12.00
# Visual Studio Version 17
VisualStudioVersion = 17.12.35521.163
MinimumVisualStudioVersion = 10.0.40219.1
Project("{FAE04EC0-301F-11D3-BF4B-00C04F79EFBC}") = "MainProgram.API", "WebApplication1\MainProgram.API.csproj", "{C1D08BB7-73E1-46E4-838D-EB5B799FDF40}"
	ProjectSection(ProjectDependencies) = postProject
		{7036536F-8693-42BD-AAF9-126C35D2E4E7} = {7036536F-8693-42BD-AAF9-126C35D2E4E7}
		{94D77D0B-58AE-43FD-80E4-68C95754C565} = {94D77D0B-58AE-43FD-80E4-68C95754C565}
		{A9F34CE7-C33C-44CE-A799-49DAEF5C22A4} = {A9F34CE7-C33C-44CE-A799-49DAEF5C22A4}
		{F240F57A-1EAF-43E4-ABC4-FC65B9DC9CB3} = {F240F57A-1EAF-43E4-ABC4-FC65B9DC9CB3}
	EndProjectSection
EndProject
Project("{FAE04EC0-301F-11D3-BF4B-00C04F79EFBC}") = "MainProgram.Logic", "MainProgram.Logic\MainProgram.Logic.csproj", "{F240F57A-1EAF-43E4-ABC4-FC65B9DC9CB3}"
EndProject
Project("{FAE04EC0-301F-11D3-BF4B-00C04F79EFBC}") = "MainProgram.Repositories", "MainProgram.Repositories\MainProgram.Repositories.csproj", "{7036536F-8693-42BD-AAF9-126C35D2E4E7}"
EndProject
Project("{FAE04EC0-301F-11D3-BF4B-00C04F79EFBC}") = "MainProgram.Application", "MainProgram.Application\MainProgram.Application.csproj", "{A9F34CE7-C33C-44CE-A799-49DAEF5C22A4}"
EndProject
Project("{FAE04EC0-301F-11D3-BF4B-00C04F79EFBC}") = "MainProgram.Infrastructure", "MainProgram.Infrastructure\MainProgram.Infrastructure.csproj", "{94D77D0B-58AE-43FD-80E4-68C95754C565}"
EndProject
Global
	GlobalSection(SolutionConfigurationPlatforms) = preSolution
		Debug|Any CPU = Debug|Any CPU
		Release|Any CPU = Release|Any CPU
	EndGlobalSection
	GlobalSection(ProjectConfigurationPlatforms) = postSolution
		{C1D08BB7-73E1-46E4-838D-EB5B799FDF40}.Debug|Any CPU.ActiveCfg = Debug|Any CPU
		{C1D08BB7-73E1-46E4-838D-EB5B799FDF40}.Debug|Any CPU.Build.0 = Debug|Any CPU
		{C1D08BB7-73E1-46E4-838D-EB5B799FDF40}.Release|Any CPU.ActiveCfg = Release|Any CPU
		{C1D08BB7-73E1-46E4-838D-EB5B799FDF40}.Release|Any CPU.Build.0 = Release|Any CPU
		{F240F57A-1EAF-43E4-ABC4-FC65B9DC9CB3}.Debug|Any CPU.ActiveCfg = Debug|Any CPU
		{F240F57A-1EAF-43E4-ABC4-FC65B9DC9CB3}.Debug|Any CPU.Build.0 = Debug|Any CPU
		{F240F57A-1EAF-43E4-ABC4-FC65B9DC9CB3}.Release|Any CPU.ActiveCfg = Release|Any CPU
		{F240F57A-1EAF-43E4-ABC4-FC65B9DC9CB3}.Release|Any CPU.Build.0 = Release|Any CPU
		{7036536F-8693-42BD-AAF9-126C35D2E4E7}.Debug|Any CPU.ActiveCfg = Debug|Any CPU
		{7036536F-8693-42BD-AAF9-126C35D2E4E7}.Debug|Any CPU.Build.0 = Debug|Any CPU
		{7036536F-8693-42BD-AAF9-126C35D2E4E7}.Release|Any CPU.ActiveCfg = Release|Any CPU
		{7036536F-8693-42BD-AAF9-126C35D2E4E7}.Release|Any CPU.Build.0 = Release|Any CPU
		{A9F34CE7-C33C-44CE-A799-49DAEF5C22A4}.Debug|Any CPU.ActiveCfg = Debug|Any CPU
		{A9F34CE7-C33C-44CE-A799-49DAEF5C22A4}.Debug|Any CPU.Build.0 = Debug|Any CPU
		{A9F34CE7-C33C-44CE-A799-49DAEF5C22A4}.Release|Any CPU.ActiveCfg = Release|Any CPU
		{A9F34CE7-C33C-44CE-A799-49DAEF5C22A4}.Release|Any CPU.Build.0 = Release|Any CPU
		{94D77D0B-58AE-43FD-80E4-68C95754C565}.Debug|Any CPU.ActiveCfg = Debug|Any CPU
		{94D77D0B-58AE-43FD-80E4-68C95754C565}.Debug|Any CPU.Build.0 = Debug|Any CPU
		{94D77D0B-58AE-43FD-80E4-68C95754C565}.Release|Any CPU.ActiveCfg = Release|Any CPU
		{94D77D0B-58AE-43FD-80E4-68C95754C565}.Release|Any CPU.Build.0 = Release|Any CPU
	EndGlobalSection
	GlobalSection(SolutionProperties) = preSolution
		HideSolutionNode = FALSE
	EndGlobalSection
EndGlobal
